
Microsoft Visual Studio Solution File, Format Version 12.00
# Visual Studio Version 17
VisualStudioVersion = 17.10.35122.118
MinimumVisualStudioVersion = 10.0.40219.1
Project("{FAE04EC0-301F-11D3-BF4B-00C04F79EFBC}") = "StreamSchedulerUI", "StreamSchedulerUI.csproj", "{4C73F9DF-4265-4FC8-B1A3-80E57116AA05}"
EndProject
Project("{54435603-DBB4-11D2-8724-00A0C9A8B90C}") = "StreamSchedulerUI.1", "..\StreamSchedulerUI.1\StreamSchedulerUI.1.vdproj", "{0DA138C4-D8D3-4A2C-9451-AF073E124D41}"
EndProject
Global
	GlobalSection(SolutionConfigurationPlatforms) = preSolution
		Debug|Any CPU = Debug|Any CPU
		Release|Any CPU = Release|Any CPU
	EndGlobalSection
	GlobalSection(ProjectConfigurationPlatforms) = postSolution
		{4C73F9DF-4265-4FC8-B1A3-80E57116AA05}.Debug|Any CPU.ActiveCfg = Debug|Any CPU
		{4C73F9DF-4265-4FC8-B1A3-80E57116AA05}.Debug|Any CPU.Build.0 = Debug|Any CPU
		{4C73F9DF-4265-4FC8-B1A3-80E57116AA05}.Release|Any CPU.ActiveCfg = Release|Any CPU
		{4C73F9DF-4265-4FC8-B1A3-80E57116AA05}.Release|Any CPU.Build.0 = Release|Any CPU
		{0DA138C4-D8D3-4A2C-9451-AF073E124D41}.Debug|Any CPU.ActiveCfg = Debug
		{0DA138C4-D8D3-4A2C-9451-AF073E124D41}.Release|Any CPU.ActiveCfg = Release
	EndGlobalSection
	GlobalSection(SolutionProperties) = preSolution
		HideSolutionNode = FALSE
	EndGlobalSection
	GlobalSection(ExtensibilityGlobals) = postSolution
		SolutionGuid = {793E7C4F-A920-45D8-B0F6-67D96772E2D5}
	EndGlobalSection
EndGlobal
